
Microsoft Visual Studio Solution File, Format Version 12.00
# Visual Studio Version 16
VisualStudioVersion = 16.0.30523.141
MinimumVisualStudioVersion = 10.0.40219.1
Project("{888888A0-9F3D-457C-B088-3A5042F75D52}") = "advent_of_code_2020_day_03", "advent_of_code_2020_day_03\advent_of_code_2020_day_03.pyproj", "{6D6B2487-4793-4716-BA37-0C93FB727D33}"
EndProject
Global
	GlobalSection(SolutionConfigurationPlatforms) = preSolution
		Debug|Any CPU = Debug|Any CPU
		Release|Any CPU = Release|Any CPU
	EndGlobalSection
	GlobalSection(ProjectConfigurationPlatforms) = postSolution
		{6D6B2487-4793-4716-BA37-0C93FB727D33}.Debug|Any CPU.ActiveCfg = Debug|Any CPU
		{6D6B2487-4793-4716-BA37-0C93FB727D33}.Release|Any CPU.ActiveCfg = Release|Any CPU
	EndGlobalSection
	GlobalSection(SolutionProperties) = preSolution
		HideSolutionNode = FALSE
	EndGlobalSection
	GlobalSection(ExtensibilityGlobals) = postSolution
		SolutionGuid = {6EEFEF6F-C79B-4341-89D1-5DB70D939A63}
	EndGlobalSection
EndGlobal
