
Microsoft Visual Studio Solution File, Format Version 12.00
# Visual Studio Version 16
VisualStudioVersion = 16.0.30523.141
MinimumVisualStudioVersion = 10.0.40219.1
Project("{888888A0-9F3D-457C-B088-3A5042F75D52}") = "advent_of_code_2020_day_06", "advent_of_code_2020_day_06\advent_of_code_2020_day_06.pyproj", "{90FA1C78-ED17-45DE-A031-68498722E07B}"
EndProject
Global
	GlobalSection(SolutionConfigurationPlatforms) = preSolution
		Debug|Any CPU = Debug|Any CPU
		Release|Any CPU = Release|Any CPU
	EndGlobalSection
	GlobalSection(ProjectConfigurationPlatforms) = postSolution
		{90FA1C78-ED17-45DE-A031-68498722E07B}.Debug|Any CPU.ActiveCfg = Debug|Any CPU
		{90FA1C78-ED17-45DE-A031-68498722E07B}.Release|Any CPU.ActiveCfg = Release|Any CPU
	EndGlobalSection
	GlobalSection(SolutionProperties) = preSolution
		HideSolutionNode = FALSE
	EndGlobalSection
	GlobalSection(ExtensibilityGlobals) = postSolution
		SolutionGuid = {3E71B368-19C8-42C2-8AA4-BEFB4471C5BD}
	EndGlobalSection
EndGlobal
